
Microsoft Visual Studio Solution File, Format Version 12.00
# Visual Studio Version 17
VisualStudioVersion = 17.7.34024.191
MinimumVisualStudioVersion = 10.0.40219.1
Project("{FAE04EC0-301F-11D3-BF4B-00C04F79EFBC}") = "ProjektDaniel", "ProjektDaniel.csproj", "{AD3D3638-49B6-4A3D-B9B4-F76985953C24}"
EndProject
Global
	GlobalSection(SolutionConfigurationPlatforms) = preSolution
		Debug|Any CPU = Debug|Any CPU
		Release|Any CPU = Release|Any CPU
	EndGlobalSection
	GlobalSection(ProjectConfigurationPlatforms) = postSolution
		{AD3D3638-49B6-4A3D-B9B4-F76985953C24}.Debug|Any CPU.ActiveCfg = Debug|Any CPU
		{AD3D3638-49B6-4A3D-B9B4-F76985953C24}.Debug|Any CPU.Build.0 = Debug|Any CPU
		{AD3D3638-49B6-4A3D-B9B4-F76985953C24}.Release|Any CPU.ActiveCfg = Release|Any CPU
		{AD3D3638-49B6-4A3D-B9B4-F76985953C24}.Release|Any CPU.Build.0 = Release|Any CPU
	EndGlobalSection
	GlobalSection(SolutionProperties) = preSolution
		HideSolutionNode = FALSE
	EndGlobalSection
	GlobalSection(ExtensibilityGlobals) = postSolution
		SolutionGuid = {57DE6EA9-DB41-4BE9-8D10-08DCED9B8508}
	EndGlobalSection
EndGlobal
